
Microsoft Visual Studio Solution File, Format Version 12.00
# Visual Studio Version 17
VisualStudioVersion = 17.14.36511.14 d17.14
MinimumVisualStudioVersion = 10.0.40219.1
Project("{FAE04EC0-301F-11D3-BF4B-00C04F79EFBC}") = "StudentWeb_api", "StudentWeb_api\StudentWeb_api.csproj", "{B463D4D4-84FD-46A8-8C28-4E5BCB870867}"
EndProject
Global
	GlobalSection(SolutionConfigurationPlatforms) = preSolution
		Debug|Any CPU = Debug|Any CPU
		Release|Any CPU = Release|Any CPU
	EndGlobalSection
	GlobalSection(ProjectConfigurationPlatforms) = postSolution
		{B463D4D4-84FD-46A8-8C28-4E5BCB870867}.Debug|Any CPU.ActiveCfg = Debug|Any CPU
		{B463D4D4-84FD-46A8-8C28-4E5BCB870867}.Debug|Any CPU.Build.0 = Debug|Any CPU
		{B463D4D4-84FD-46A8-8C28-4E5BCB870867}.Release|Any CPU.ActiveCfg = Release|Any CPU
		{B463D4D4-84FD-46A8-8C28-4E5BCB870867}.Release|Any CPU.Build.0 = Release|Any CPU
	EndGlobalSection
	GlobalSection(SolutionProperties) = preSolution
		HideSolutionNode = FALSE
	EndGlobalSection
	GlobalSection(ExtensibilityGlobals) = postSolution
		SolutionGuid = {8A1F8F1D-BC1F-4EE7-90DD-D4B66C32D7F3}
	EndGlobalSection
EndGlobal
