
Microsoft Visual Studio Solution File, Format Version 12.00
# Visual Studio Version 17
VisualStudioVersion = 17.14.36310.24 d17.14
MinimumVisualStudioVersion = 10.0.40219.1
Project("{FAE04EC0-301F-11D3-BF4B-00C04F79EFBC}") = "Oth_demo", "Oth_demo\Oth_demo.csproj", "{6D63D13F-6DE0-41E3-81B8-4D4BA7F6565C}"
EndProject
Global
	GlobalSection(SolutionConfigurationPlatforms) = preSolution
		Debug|Any CPU = Debug|Any CPU
		Release|Any CPU = Release|Any CPU
	EndGlobalSection
	GlobalSection(ProjectConfigurationPlatforms) = postSolution
		{6D63D13F-6DE0-41E3-81B8-4D4BA7F6565C}.Debug|Any CPU.ActiveCfg = Debug|Any CPU
		{6D63D13F-6DE0-41E3-81B8-4D4BA7F6565C}.Debug|Any CPU.Build.0 = Debug|Any CPU
		{6D63D13F-6DE0-41E3-81B8-4D4BA7F6565C}.Release|Any CPU.ActiveCfg = Release|Any CPU
		{6D63D13F-6DE0-41E3-81B8-4D4BA7F6565C}.Release|Any CPU.Build.0 = Release|Any CPU
	EndGlobalSection
	GlobalSection(SolutionProperties) = preSolution
		HideSolutionNode = FALSE
	EndGlobalSection
	GlobalSection(ExtensibilityGlobals) = postSolution
		SolutionGuid = {BDB1C3C6-BB43-4BD9-AF59-CEA193F3F438}
	EndGlobalSection
EndGlobal
